// !$*UTF8*$!
{
	archiveVersion = 1;
	classes = {
	};
	objectVersion = 55;
	objects = {

/* Begin PBXBuildFile section */
		3D6E800E28DC84F70001C108 /* JustLiftApp.swift in Sources */ = {isa = PBXBuildFile; fileRef = 3D6E800D28DC84F70001C108 /* JustLiftApp.swift */; };
		3D6E801028DC84F70001C108 /* ContentView.swift in Sources */ = {isa = PBXBuildFile; fileRef = 3D6E800F28DC84F70001C108 /* ContentView.swift */; };
		3D6E801228DC84F80001C108 /* Assets.xcassets in Resources */ = {isa = PBXBuildFile; fileRef = 3D6E801128DC84F80001C108 /* Assets.xcassets */; };
		3D6E801528DC84F80001C108 /* Preview Assets.xcassets in Resources */ = {isa = PBXBuildFile; fileRef = 3D6E801428DC84F80001C108 /* Preview Assets.xcassets */; };
		3D6E801F28DC84F80001C108 /* JustLiftTests.swift in Sources */ = {isa = PBXBuildFile; fileRef = 3D6E801E28DC84F80001C108 /* JustLiftTests.swift */; };
		3D6E802928DC84F80001C108 /* JustLiftUITests.swift in Sources */ = {isa = PBXBuildFile; fileRef = 3D6E802828DC84F80001C108 /* JustLiftUITests.swift */; };
		3D6E802B28DC84F80001C108 /* JustLiftUITestsLaunchTests.swift in Sources */ = {isa = PBXBuildFile; fileRef = 3D6E802A28DC84F80001C108 /* JustLiftUITestsLaunchTests.swift */; };
/* End PBXBuildFile section */

/* Begin PBXContainerItemProxy section */
		3D6E801B28DC84F80001C108 /* PBXContainerItemProxy */ = {
			isa = PBXContainerItemProxy;
			containerPortal = 3D6E800228DC84F70001C108 /* Project object */;
			proxyType = 1;
			remoteGlobalIDString = 3D6E800928DC84F70001C108;
			remoteInfo = JustLift;
		};
		3D6E802528DC84F80001C108 /* PBXContainerItemProxy */ = {
			isa = PBXContainerItemProxy;
			containerPortal = 3D6E800228DC84F70001C108 /* Project object */;
			proxyType = 1;
			remoteGlobalIDString = 3D6E800928DC84F70001C108;
			remoteInfo = JustLift;
		};
/* End PBXContainerItemProxy section */

/* Begin PBXFileReference section */
		3D6E800A28DC84F70001C108 /* JustLift.app */ = {isa = PBXFileReference; explicitFileType = wrapper.application; includeInIndex = 0; path = JustLift.app; sourceTree = BUILT_PRODUCTS_DIR; };
		3D6E800D28DC84F70001C108 /* JustLiftApp.swift */ = {isa = PBXFileReference; lastKnownFileType = sourcecode.swift; path = JustLiftApp.swift; sourceTree = "<group>"; };
		3D6E800F28DC84F70001C108 /* ContentView.swift */ = {isa = PBXFileReference; lastKnownFileType = sourcecode.swift; path = ContentView.swift; sourceTree = "<group>"; };
		3D6E801128DC84F80001C108 /* Assets.xcassets */ = {isa = PBXFileReference; lastKnownFileType = folder.assetcatalog; path = Assets.xcassets; sourceTree = "<group>"; };
		3D6E801428DC84F80001C108 /* Preview Assets.xcassets */ = {isa = PBXFileReference; lastKnownFileType = folder.assetcatalog; path = "Preview Assets.xcassets"; sourceTree = "<group>"; };
		3D6E801A28DC84F80001C108 /* JustLiftTests.xctest */ = {isa = PBXFileReference; explicitFileType = wrapper.cfbundle; includeInIndex = 0; path = JustLiftTests.xctest; sourceTree = BUILT_PRODUCTS_DIR; };
		3D6E801E28DC84F80001C108 /* JustLiftTests.swift */ = {isa = PBXFileReference; lastKnownFileType = sourcecode.swift; path = JustLiftTests.swift; sourceTree = "<group>"; };
		3D6E802428DC84F80001C108 /* JustLiftUITests.xctest */ = {isa = PBXFileReference; explicitFileType = wrapper.cfbundle; includeInIndex = 0; path = JustLiftUITests.xctest; sourceTree = BUILT_PRODUCTS_DIR; };
		3D6E802828DC84F80001C108 /* JustLiftUITests.swift */ = {isa = PBXFileReference; lastKnownFileType = sourcecode.swift; path = JustLiftUITests.swift; sourceTree = "<group>"; };
		3D6E802A28DC84F80001C108 /* JustLiftUITestsLaunchTests.swift */ = {isa = PBXFileReference; lastKnownFileType = sourcecode.swift; path = JustLiftUITestsLaunchTests.swift; sourceTree = "<group>"; };
/* End PBXFileReference section */

/* Begin PBXFrameworksBuildPhase section */
		3D6E800728DC84F70001C108 /* Frameworks */ = {
			isa = PBXFrameworksBuildPhase;
			buildActionMask = 2147483647;
			files = (
			);
			runOnlyForDeploymentPostprocessing = 0;
		};
		3D6E801728DC84F80001C108 /* Frameworks */ = {
			isa = PBXFrameworksBuildPhase;
			buildActionMask = 2147483647;
			files = (
			);
			runOnlyForDeploymentPostprocessing = 0;
		};
		3D6E802128DC84F80001C108 /* Frameworks */ = {
			isa = PBXFrameworksBuildPhase;
			buildActionMask = 2147483647;
			files = (
			);
			runOnlyForDeploymentPostprocessing = 0;
		};
/* End PBXFrameworksBuildPhase section */

/* Begin PBXGroup section */
		3D6E800128DC84F70001C108 = {
			isa = PBXGroup;
			children = (
				3D6E800C28DC84F70001C108 /* JustLift */,
				3D6E801D28DC84F80001C108 /* JustLiftTests */,
				3D6E802728DC84F80001C108 /* JustLiftUITests */,
				3D6E800B28DC84F70001C108 /* Products */,
			);
			sourceTree = "<group>";
		};
		3D6E800B28DC84F70001C108 /* Products */ = {
			isa = PBXGroup;
			children = (
				3D6E800A28DC84F70001C108 /* JustLift.app */,
				3D6E801A28DC84F80001C108 /* JustLiftTests.xctest */,
				3D6E802428DC84F80001C108 /* JustLiftUITests.xctest */,
			);
			name = Products;
			sourceTree = "<group>";
		};
		3D6E800C28DC84F70001C108 /* JustLift */ = {
			isa = PBXGroup;
			children = (
				3D6E800D28DC84F70001C108 /* JustLiftApp.swift */,
				3D6E800F28DC84F70001C108 /* ContentView.swift */,
				3D6E801128DC84F80001C108 /* Assets.xcassets */,
				3D6E801328DC84F80001C108 /* Preview Content */,
			);
			path = JustLift;
			sourceTree = "<group>";
		};
		3D6E801328DC84F80001C108 /* Preview Content */ = {
			isa = PBXGroup;
			children = (
				3D6E801428DC84F80001C108 /* Preview Assets.xcassets */,
			);
			path = "Preview Content";
			sourceTree = "<group>";
		};
		3D6E801D28DC84F80001C108 /* JustLiftTests */ = {
			isa = PBXGroup;
			children = (
				3D6E801E28DC84F80001C108 /* JustLiftTests.swift */,
			);
			path = JustLiftTests;
			sourceTree = "<group>";
		};
		3D6E802728DC84F80001C108 /* JustLiftUITests */ = {
			isa = PBXGroup;
			children = (
				3D6E802828DC84F80001C108 /* JustLiftUITests.swift */,
				3D6E802A28DC84F80001C108 /* JustLiftUITestsLaunchTests.swift */,
			);
			path = JustLiftUITests;
			sourceTree = "<group>";
		};
/* End PBXGroup section */

/* Begin PBXNativeTarget section */
		3D6E800928DC84F70001C108 /* JustLift */ = {
			isa = PBXNativeTarget;
			buildConfigurationList = 3D6E802E28DC84F80001C108 /* Build configuration list for PBXNativeTarget "JustLift" */;
			buildPhases = (
				3D6E800628DC84F70001C108 /* Sources */,
				3D6E800728DC84F70001C108 /* Frameworks */,
				3D6E800828DC84F70001C108 /* Resources */,
			);
			buildRules = (
			);
			dependencies = (
			);
			name = JustLift;
			productName = JustLift;
			productReference = 3D6E800A28DC84F70001C108 /* JustLift.app */;
			productType = "com.apple.product-type.application";
		};
		3D6E801928DC84F80001C108 /* JustLiftTests */ = {
			isa = PBXNativeTarget;
			buildConfigurationList = 3D6E803128DC84F80001C108 /* Build configuration list for PBXNativeTarget "JustLiftTests" */;
			buildPhases = (
				3D6E801628DC84F80001C108 /* Sources */,
				3D6E801728DC84F80001C108 /* Frameworks */,
				3D6E801828DC84F80001C108 /* Resources */,
			);
			buildRules = (
			);
			dependencies = (
				3D6E801C28DC84F80001C108 /* PBXTargetDependency */,
			);
			name = JustLiftTests;
			productName = JustLiftTests;
			productReference = 3D6E801A28DC84F80001C108 /* JustLiftTests.xctest */;
			productType = "com.apple.product-type.bundle.unit-test";
		};
		3D6E802328DC84F80001C108 /* JustLiftUITests */ = {
			isa = PBXNativeTarget;
			buildConfigurationList = 3D6E803428DC84F80001C108 /* Build configuration list for PBXNativeTarget "JustLiftUITests" */;
			buildPhases = (
				3D6E802028DC84F80001C108 /* Sources */,
				3D6E802128DC84F80001C108 /* Frameworks */,
				3D6E802228DC84F80001C108 /* Resources */,
			);
			buildRules = (
			);
			dependencies = (
				3D6E802628DC84F80001C108 /* PBXTargetDependency */,
			);
			name = JustLiftUITests;
			productName = JustLiftUITests;
			productReference = 3D6E802428DC84F80001C108 /* JustLiftUITests.xctest */;
			productType = "com.apple.product-type.bundle.ui-testing";
		};
/* End PBXNativeTarget section */

/* Begin PBXProject section */
		3D6E800228DC84F70001C108 /* Project object */ = {
			isa = PBXProject;
			attributes = {
				BuildIndependentTargetsInParallel = 1;
				LastSwiftUpdateCheck = 1340;
				LastUpgradeCheck = 1340;
				TargetAttributes = {
					3D6E800928DC84F70001C108 = {
						CreatedOnToolsVersion = 13.4.1;
					};
					3D6E801928DC84F80001C108 = {
						CreatedOnToolsVersion = 13.4.1;
						TestTargetID = 3D6E800928DC84F70001C108;
					};
					3D6E802328DC84F80001C108 = {
						CreatedOnToolsVersion = 13.4.1;
						TestTargetID = 3D6E800928DC84F70001C108;
					};
				};
			};
			buildConfigurationList = 3D6E800528DC84F70001C108 /* Build configuration list for PBXProject "JustLift" */;
			compatibilityVersion = "Xcode 13.0";
			developmentRegion = en;
			hasScannedForEncodings = 0;
			knownRegions = (
				en,
				Base,
			);
			mainGroup = 3D6E800128DC84F70001C108;
			productRefGroup = 3D6E800B28DC84F70001C108 /* Products */;
			projectDirPath = "";
			projectRoot = "";
			targets = (
				3D6E800928DC84F70001C108 /* JustLift */,
				3D6E801928DC84F80001C108 /* JustLiftTests */,
				3D6E802328DC84F80001C108 /* JustLiftUITests */,
			);
		};
/* End PBXProject section */

/* Begin PBXResourcesBuildPhase section */
		3D6E800828DC84F70001C108 /* Resources */ = {
			isa = PBXResourcesBuildPhase;
			buildActionMask = 2147483647;
			files = (
				3D6E801528DC84F80001C108 /* Preview Assets.xcassets in Resources */,
				3D6E801228DC84F80001C108 /* Assets.xcassets in Resources */,
			);
			runOnlyForDeploymentPostprocessing = 0;
		};
		3D6E801828DC84F80001C108 /* Resources */ = {
			isa = PBXResourcesBuildPhase;
			buildActionMask = 2147483647;
			files = (
			);
			runOnlyForDeploymentPostprocessing = 0;
		};
		3D6E802228DC84F80001C108 /* Resources */ = {
			isa = PBXResourcesBuildPhase;
			buildActionMask = 2147483647;
			files = (
			);
			runOnlyForDeploymentPostprocessing = 0;
		};
/* End PBXResourcesBuildPhase section */

/* Begin PBXSourcesBuildPhase section */
		3D6E800628DC84F70001C108 /* Sources */ = {
			isa = PBXSourcesBuildPhase;
			buildActionMask = 2147483647;
			files = (
				3D6E801028DC84F70001C108 /* ContentView.swift in Sources */,
				3D6E800E28DC84F70001C108 /* JustLiftApp.swift in Sources */,
			);
			runOnlyForDeploymentPostprocessing = 0;
		};
		3D6E801628DC84F80001C108 /* Sources */ = {
			isa = PBXSourcesBuildPhase;
			buildActionMask = 2147483647;
			files = (
				3D6E801F28DC84F80001C108 /* JustLiftTests.swift in Sources */,
			);
			runOnlyForDeploymentPostprocessing = 0;
		};
		3D6E802028DC84F80001C108 /* Sources */ = {
			isa = PBXSourcesBuildPhase;
			buildActionMask = 2147483647;
			files = (
				3D6E802B28DC84F80001C108 /* JustLiftUITestsLaunchTests.swift in Sources */,
				3D6E802928DC84F80001C108 /* JustLiftUITests.swift in Sources */,
			);
			runOnlyForDeploymentPostprocessing = 0;
		};
/* End PBXSourcesBuildPhase section */

/* Begin PBXTargetDependency section */
		3D6E801C28DC84F80001C108 /* PBXTargetDependency */ = {
			isa = PBXTargetDependency;
			target = 3D6E800928DC84F70001C108 /* JustLift */;
			targetProxy = 3D6E801B28DC84F80001C108 /* PBXContainerItemProxy */;
		};
		3D6E802628DC84F80001C108 /* PBXTargetDependency */ = {
			isa = PBXTargetDependency;
			target = 3D6E800928DC84F70001C108 /* JustLift */;
			targetProxy = 3D6E802528DC84F80001C108 /* PBXContainerItemProxy */;
		};
/* End PBXTargetDependency section */

/* Begin XCBuildConfiguration section */
		3D6E802C28DC84F80001C108 /* Debug */ = {
			isa = XCBuildConfiguration;
			buildSettings = {
				ALWAYS_SEARCH_USER_PATHS = NO;
				CLANG_ANALYZER_NONNULL = YES;
				CLANG_ANALYZER_NUMBER_OBJECT_CONVERSION = YES_AGGRESSIVE;
				CLANG_CXX_LANGUAGE_STANDARD = "gnu++17";
				CLANG_ENABLE_MODULES = YES;
				CLANG_ENABLE_OBJC_ARC = YES;
				CLANG_ENABLE_OBJC_WEAK = YES;
				CLANG_WARN_BLOCK_CAPTURE_AUTORELEASING = YES;
				CLANG_WARN_BOOL_CONVERSION = YES;
				CLANG_WARN_COMMA = YES;
				CLANG_WARN_CONSTANT_CONVERSION = YES;
				CLANG_WARN_DEPRECATED_OBJC_IMPLEMENTATIONS = YES;
				CLANG_WARN_DIRECT_OBJC_ISA_USAGE = YES_ERROR;
				CLANG_WARN_DOCUMENTATION_COMMENTS = YES;
				CLANG_WARN_EMPTY_BODY = YES;
				CLANG_WARN_ENUM_CONVERSION = YES;
				CLANG_WARN_INFINITE_RECURSION = YES;
				CLANG_WARN_INT_CONVERSION = YES;
				CLANG_WARN_NON_LITERAL_NULL_CONVERSION = YES;
				CLANG_WARN_OBJC_IMPLICIT_RETAIN_SELF = YES;
				CLANG_WARN_OBJC_LITERAL_CONVERSION = YES;
				CLANG_WARN_OBJC_ROOT_CLASS = YES_ERROR;
				CLANG_WARN_QUOTED_INCLUDE_IN_FRAMEWORK_HEADER = YES;
				CLANG_WARN_RANGE_LOOP_ANALYSIS = YES;
				CLANG_WARN_STRICT_PROTOTYPES = YES;
				CLANG_WARN_SUSPICIOUS_MOVE = YES;
				CLANG_WARN_UNGUARDED_AVAILABILITY = YES_AGGRESSIVE;
				CLANG_WARN_UNREACHABLE_CODE = YES;
				CLANG_WARN__DUPLICATE_METHOD_MATCH = YES;
				COPY_PHASE_STRIP = NO;
				DEBUG_INFORMATION_FORMAT = dwarf;
				ENABLE_STRICT_OBJC_MSGSEND = YES;
				ENABLE_TESTABILITY = YES;
				GCC_C_LANGUAGE_STANDARD = gnu11;
				GCC_DYNAMIC_NO_PIC = NO;
				GCC_NO_COMMON_BLOCKS = YES;
				GCC_OPTIMIZATION_LEVEL = 0;
				GCC_PREPROCESSOR_DEFINITIONS = (
					"DEBUG=1",
					"$(inherited)",
				);
				GCC_WARN_64_TO_32_BIT_CONVERSION = YES;
				GCC_WARN_ABOUT_RETURN_TYPE = YES_ERROR;
				GCC_WARN_UNDECLARED_SELECTOR = YES;
				GCC_WARN_UNINITIALIZED_AUTOS = YES_AGGRESSIVE;
				GCC_WARN_UNUSED_FUNCTION = YES;
				GCC_WARN_UNUSED_VARIABLE = YES;
				IPHONEOS_DEPLOYMENT_TARGET = 15.5;
				MTL_ENABLE_DEBUG_INFO = INCLUDE_SOURCE;
				MTL_FAST_MATH = YES;
				ONLY_ACTIVE_ARCH = YES;
				SDKROOT = iphoneos;
				SWIFT_ACTIVE_COMPILATION_CONDITIONS = DEBUG;
				SWIFT_OPTIMIZATION_LEVEL = "-Onone";
			};
			name = Debug;
		};
		3D6E802D28DC84F80001C108 /* Release */ = {
			isa = XCBuildConfiguration;
			buildSettings = {
				ALWAYS_SEARCH_USER_PATHS = NO;
				CLANG_ANALYZER_NONNULL = YES;
				CLANG_ANALYZER_NUMBER_OBJECT_CONVERSION = YES_AGGRESSIVE;
				CLANG_CXX_LANGUAGE_STANDARD = "gnu++17";
				CLANG_ENABLE_MODULES = YES;
				CLANG_ENABLE_OBJC_ARC = YES;
				CLANG_ENABLE_OBJC_WEAK = YES;
				CLANG_WARN_BLOCK_CAPTURE_AUTORELEASING = YES;
				CLANG_WARN_BOOL_CONVERSION = YES;
				CLANG_WARN_COMMA = YES;
				CLANG_WARN_CONSTANT_CONVERSION = YES;
				CLANG_WARN_DEPRECATED_OBJC_IMPLEMENTATIONS = YES;
				CLANG_WARN_DIRECT_OBJC_ISA_USAGE = YES_ERROR;
				CLANG_WARN_DOCUMENTATION_COMMENTS = YES;
				CLANG_WARN_EMPTY_BODY = YES;
				CLANG_WARN_ENUM_CONVERSION = YES;
				CLANG_WARN_INFINITE_RECURSION = YES;
				CLANG_WARN_INT_CONVERSION = YES;
				CLANG_WARN_NON_LITERAL_NULL_CONVERSION = YES;
				CLANG_WARN_OBJC_IMPLICIT_RETAIN_SELF = YES;
				CLANG_WARN_OBJC_LITERAL_CONVERSION = YES;
				CLANG_WARN_OBJC_ROOT_CLASS = YES_ERROR;
				CLANG_WARN_QUOTED_INCLUDE_IN_FRAMEWORK_HEADER = YES;
				CLANG_WARN_RANGE_LOOP_ANALYSIS = YES;
				CLANG_WARN_STRICT_PROTOTYPES = YES;
				CLANG_WARN_SUSPICIOUS_MOVE = YES;
				CLANG_WARN_UNGUARDED_AVAILABILITY = YES_AGGRESSIVE;
				CLANG_WARN_UNREACHABLE_CODE = YES;
				CLANG_WARN__DUPLICATE_METHOD_MATCH = YES;
				COPY_PHASE_STRIP = NO;
				DEBUG_INFORMATION_FORMAT = "dwarf-with-dsym";
				ENABLE_NS_ASSERTIONS = NO;
				ENABLE_STRICT_OBJC_MSGSEND = YES;
				GCC_C_LANGUAGE_STANDARD = gnu11;
				GCC_NO_COMMON_BLOCKS = YES;
				GCC_WARN_64_TO_32_BIT_CONVERSION = YES;
				GCC_WARN_ABOUT_RETURN_TYPE = YES_ERROR;
				GCC_WARN_UNDECLARED_SELECTOR = YES;
				GCC_WARN_UNINITIALIZED_AUTOS = YES_AGGRESSIVE;
				GCC_WARN_UNUSED_FUNCTION = YES;
				GCC_WARN_UNUSED_VARIABLE = YES;
				IPHONEOS_DEPLOYMENT_TARGET = 15.5;
				MTL_ENABLE_DEBUG_INFO = NO;
				MTL_FAST_MATH = YES;
				SDKROOT = iphoneos;
				SWIFT_COMPILATION_MODE = wholemodule;
				SWIFT_OPTIMIZATION_LEVEL = "-O";
				VALIDATE_PRODUCT = YES;
			};
			name = Release;
		};
		3D6E802F28DC84F80001C108 /* Debug */ = {
			isa = XCBuildConfiguration;
			buildSettings = {
				ASSETCATALOG_COMPILER_APPICON_NAME = AppIcon;
				ASSETCATALOG_COMPILER_GLOBAL_ACCENT_COLOR_NAME = AccentColor;
				CODE_SIGN_STYLE = Automatic;
				CURRENT_PROJECT_VERSION = 1;
				DEVELOPMENT_ASSET_PATHS = "\"JustLift/Preview Content\"";
				DEVELOPMENT_TEAM = GLQQLN3R4U;
				ENABLE_PREVIEWS = YES;
				GENERATE_INFOPLIST_FILE = YES;
				INFOPLIST_KEY_UIApplicationSceneManifest_Generation = YES;
				INFOPLIST_KEY_UIApplicationSupportsIndirectInputEvents = YES;
				INFOPLIST_KEY_UILaunchScreen_Generation = YES;
				INFOPLIST_KEY_UISupportedInterfaceOrientations_iPad = "UIInterfaceOrientationPortrait UIInterfaceOrientationPortraitUpsideDown UIInterfaceOrientationLandscapeLeft UIInterfaceOrientationLandscapeRight";
				INFOPLIST_KEY_UISupportedInterfaceOrientations_iPhone = "UIInterfaceOrientationPortrait UIInterfaceOrientationLandscapeLeft UIInterfaceOrientationLandscapeRight";
				LD_RUNPATH_SEARCH_PATHS = (
					"$(inherited)",
					"@executable_path/Frameworks",
				);
				MARKETING_VERSION = 1.0;
				PRODUCT_BUNDLE_IDENTIFIER = "com.miori.dev-ios.JustLift";
				PRODUCT_NAME = "$(TARGET_NAME)";
				SWIFT_EMIT_LOC_STRINGS = YES;
				SWIFT_VERSION = 5.0;
				TARGETED_DEVICE_FAMILY = "1,2";
			};
			name = Debug;
		};
		3D6E803028DC84F80001C108 /* Release */ = {
			isa = XCBuildConfiguration;
			buildSettings = {
				ASSETCATALOG_COMPILER_APPICON_NAME = AppIcon;
				ASSETCATALOG_COMPILER_GLOBAL_ACCENT_COLOR_NAME = AccentColor;
				CODE_SIGN_STYLE = Automatic;
				CURRENT_PROJECT_VERSION = 1;
				DEVELOPMENT_ASSET_PATHS = "\"JustLift/Preview Content\"";
				DEVELOPMENT_TEAM = GLQQLN3R4U;
				ENABLE_PREVIEWS = YES;
				GENERATE_INFOPLIST_FILE = YES;
				INFOPLIST_KEY_UIApplicationSceneManifest_Generation = YES;
				INFOPLIST_KEY_UIApplicationSupportsIndirectInputEvents = YES;
				INFOPLIST_KEY_UILaunchScreen_Generation = YES;
				INFOPLIST_KEY_UISupportedInterfaceOrientations_iPad = "UIInterfaceOrientationPortrait UIInterfaceOrientationPortraitUpsideDown UIInterfaceOrientationLandscapeLeft UIInterfaceOrientationLandscapeRight";
				INFOPLIST_KEY_UISupportedInterfaceOrientations_iPhone = "UIInterfaceOrientationPortrait UIInterfaceOrientationLandscapeLeft UIInterfaceOrientationLandscapeRight";
				LD_RUNPATH_SEARCH_PATHS = (
					"$(inherited)",
					"@executable_path/Frameworks",
				);
				MARKETING_VERSION = 1.0;
				PRODUCT_BUNDLE_IDENTIFIER = "com.miori.dev-ios.JustLift";
				PRODUCT_NAME = "$(TARGET_NAME)";
				SWIFT_EMIT_LOC_STRINGS = YES;
				SWIFT_VERSION = 5.0;
				TARGETED_DEVICE_FAMILY = "1,2";
			};
			name = Release;
		};
		3D6E803228DC84F80001C108 /* Debug */ = {
			isa = XCBuildConfiguration;
			buildSettings = {
				ALWAYS_EMBED_SWIFT_STANDARD_LIBRARIES = YES;
				BUNDLE_LOADER = "$(TEST_HOST)";
				CODE_SIGN_STYLE = Automatic;
				CURRENT_PROJECT_VERSION = 1;
				DEVELOPMENT_TEAM = GLQQLN3R4U;
				GENERATE_INFOPLIST_FILE = YES;
				IPHONEOS_DEPLOYMENT_TARGET = 15.5;
				MARKETING_VERSION = 1.0;
				PRODUCT_BUNDLE_IDENTIFIER = "com.miori.dev-ios.JustLiftTests";
				PRODUCT_NAME = "$(TARGET_NAME)";
				SWIFT_EMIT_LOC_STRINGS = NO;
				SWIFT_VERSION = 5.0;
				TARGETED_DEVICE_FAMILY = "1,2";
				TEST_HOST = "$(BUILT_PRODUCTS_DIR)/JustLift.app/JustLift";
			};
			name = Debug;
		};
		3D6E803328DC84F80001C108 /* Release */ = {
			isa = XCBuildConfiguration;
			buildSettings = {
				ALWAYS_EMBED_SWIFT_STANDARD_LIBRARIES = YES;
				BUNDLE_LOADER = "$(TEST_HOST)";
				CODE_SIGN_STYLE = Automatic;
				CURRENT_PROJECT_VERSION = 1;
				DEVELOPMENT_TEAM = GLQQLN3R4U;
				GENERATE_INFOPLIST_FILE = YES;
				IPHONEOS_DEPLOYMENT_TARGET = 15.5;
				MARKETING_VERSION = 1.0;
				PRODUCT_BUNDLE_IDENTIFIER = "com.miori.dev-ios.JustLiftTests";
				PRODUCT_NAME = "$(TARGET_NAME)";
				SWIFT_EMIT_LOC_STRINGS = NO;
				SWIFT_VERSION = 5.0;
				TARGETED_DEVICE_FAMILY = "1,2";
				TEST_HOST = "$(BUILT_PRODUCTS_DIR)/JustLift.app/JustLift";
			};
			name = Release;
		};
		3D6E803528DC84F80001C108 /* Debug */ = {
			isa = XCBuildConfiguration;
			buildSettings = {
				ALWAYS_EMBED_SWIFT_STANDARD_LIBRARIES = YES;
				CODE_SIGN_STYLE = Automatic;
				CURRENT_PROJECT_VERSION = 1;
				DEVELOPMENT_TEAM = GLQQLN3R4U;
				GENERATE_INFOPLIST_FILE = YES;
				MARKETING_VERSION = 1.0;
				PRODUCT_BUNDLE_IDENTIFIER = "com.miori.dev-ios.JustLiftUITests";
				PRODUCT_NAME = "$(TARGET_NAME)";
				SWIFT_EMIT_LOC_STRINGS = NO;
				SWIFT_VERSION = 5.0;
				TARGETED_DEVICE_FAMILY = "1,2";
				TEST_TARGET_NAME = JustLift;
			};
			name = Debug;
		};
		3D6E803628DC84F80001C108 /* Release */ = {
			isa = XCBuildConfiguration;
			buildSettings = {
				ALWAYS_EMBED_SWIFT_STANDARD_LIBRARIES = YES;
				CODE_SIGN_STYLE = Automatic;
				CURRENT_PROJECT_VERSION = 1;
				DEVELOPMENT_TEAM = GLQQLN3R4U;
				GENERATE_INFOPLIST_FILE = YES;
				MARKETING_VERSION = 1.0;
				PRODUCT_BUNDLE_IDENTIFIER = "com.miori.dev-ios.JustLiftUITests";
				PRODUCT_NAME = "$(TARGET_NAME)";
				SWIFT_EMIT_LOC_STRINGS = NO;
				SWIFT_VERSION = 5.0;
				TARGETED_DEVICE_FAMILY = "1,2";
				TEST_TARGET_NAME = JustLift;
			};
			name = Release;
		};
/* End XCBuildConfiguration section */

/* Begin XCConfigurationList section */
		3D6E800528DC84F70001C108 /* Build configuration list for PBXProject "JustLift" */ = {
			isa = XCConfigurationList;
			buildConfigurations = (
				3D6E802C28DC84F80001C108 /* Debug */,
				3D6E802D28DC84F80001C108 /* Release */,
			);
			defaultConfigurationIsVisible = 0;
			defaultConfigurationName = Release;
		};
		3D6E802E28DC84F80001C108 /* Build configuration list for PBXNativeTarget "JustLift" */ = {
			isa = XCConfigurationList;
			buildConfigurations = (
				3D6E802F28DC84F80001C108 /* Debug */,
				3D6E803028DC84F80001C108 /* Release */,
			);
			defaultConfigurationIsVisible = 0;
			defaultConfigurationName = Release;
		};
		3D6E803128DC84F80001C108 /* Build configuration list for PBXNativeTarget "JustLiftTests" */ = {
			isa = XCConfigurationList;
			buildConfigurations = (
				3D6E803228DC84F80001C108 /* Debug */,
				3D6E803328DC84F80001C108 /* Release */,
			);
			defaultConfigurationIsVisible = 0;
			defaultConfigurationName = Release;
		};
		3D6E803428DC84F80001C108 /* Build configuration list for PBXNativeTarget "JustLiftUITests" */ = {
			isa = XCConfigurationList;
			buildConfigurations = (
				3D6E803528DC84F80001C108 /* Debug */,
				3D6E803628DC84F80001C108 /* Release */,
			);
			defaultConfigurationIsVisible = 0;
			defaultConfigurationName = Release;
		};
/* End XCConfigurationList section */
	};
	rootObject = 3D6E800228DC84F70001C108 /* Project object */;
}
